{
  "version": 2,
  "dependencies": {
    "net8.0": {
      "Meziantou.Analyzer": {
        "type": "Direct",
        "requested": "[3.0.294, )",
        "resolved": "3.0.294",
        "contentHash": "j78ENG75OozcuL0OPSIjvgLaYI4F5nS8mpK02PlXCCCXj8A4CAIfpKw27ZPvG4k8TweGqParV8Dwm2VAwBBmgg=="
      },
      "Roslynator.Analyzers": {
        "type": "Direct",
        "requested": "[5.0.1, )",
        "resolved": "5.0.1",
        "contentHash": "sCZ0Di4B937wKa9pwKbdsE6Njr8A/FdCLw28+yDKyMaDZ/f8JWxcFn6NOCukzKhCG/eA6M2DbXlKkrPi0g0lIA=="
      }
    }
  }
}